{
  "nodes": {
    "agenix": {
      "inputs": {
        "darwin": [],
        "home-manager": [],
        "nixpkgs": [
          "nixpkgs"
        ],
        "systems": "systems"
      },
      "locked": {
        "lastModified": 1770165109,
        "narHash": "sha256-9VnK6Oqai65puVJ4WYtCTvlJeXxMzAp/69HhQuTdl/I=",
        "owner": "ryantm",
        "repo": "agenix",
        "rev": "b027ee29d959fda4b60b57566d64c98a202e0feb",
        "type": "github"
      },
      "original": {
        "owner": "ryantm",
        "repo": "agenix",
        "type": "github"
      }
    },
    "colmena": {
      "inputs": {
        "flake-compat": "flake-compat",
        "flake-utils": "flake-utils",
        "nix-github-actions": "nix-github-actions",
        "nixpkgs": [
          "nixpkgs"
        ],
        "stable": "stable"
      },
      "locked": {
        "lastModified": 1783265280,
        "narHash": "sha256-n+TVzNkFtsW+ghl7JeFJYwIbXaZ2tn/WgjVMXwlzybI=",
        "owner": "zhaofengli",
        "repo": "colmena",
        "rev": "e4250e61da7e007e19e8e17d8675b88ad27d6c06",
        "type": "github"
      },
      "original": {
        "owner": "zhaofengli",
        "repo": "colmena",
        "type": "github"
      }
    },
    "disko": {
      "inputs": {
        "nixpkgs": [
          "nixpkgs"
        ]
      },
      "locked": {
        "lastModified": 1768920986,
        "narHash": "sha256-CNzzBsRhq7gg4BMBuTDObiWDH/rFYHEuDRVOwCcwXw4=",
        "owner": "nix-community",
        "repo": "disko",
        "rev": "de5708739256238fb912c62f03988815db89ec9a",
        "type": "github"
      },
      "original": {
        "owner": "nix-community",
        "ref": "latest",
        "repo": "disko",
        "type": "github"
      }
    },
    "fastd-server-side-ratelimit": {
      "inputs": {
        "nixpkgs": "nixpkgs"
      },
      "locked": {
        "lastModified": 1783035439,
        "narHash": "sha256-HkD0Fap+TKUEhMfD+u2iBDC5DMOur2G0Gzaz+IvmBug=",
        "owner": "fnsh",
        "repo": "fastd-server-side-ratelimit",
        "rev": "148e414ca44a7f9e0c1f9eab36180c4ba0df1c3d",
        "type": "github"
      },
      "original": {
        "owner": "fnsh",
        "repo": "fastd-server-side-ratelimit",
        "type": "github"
      }
    },
    "flake-compat": {
      "flake": false,
      "locked": {
        "lastModified": 1767039857,
        "narHash": "sha256-vNpUSpF5Nuw8xvDLj2KCwwksIbjua2LZCqhV1LNRDns=",
        "owner": "edolstra",
        "repo": "flake-compat",
        "rev": "5edf11c44bc78a0d334f6334cdaf7d60d732daab",
        "type": "github"
      },
      "original": {
        "owner": "edolstra",
        "repo": "flake-compat",
        "type": "github"
      }
    },
    "flake-utils": {
      "inputs": {
        "systems": "systems_2"
      },
      "locked": {
        "lastModified": 1731533236,
        "narHash": "sha256-l0KFg5HjrsfsO/JpG+r7fRrqm12kzFHyUHqHCVpMMbI=",
        "owner": "numtide",
        "repo": "flake-utils",
        "rev": "11707dc2f618dd54ca8739b309ec4fc024de578b",
        "type": "github"
      },
      "original": {
        "owner": "numtide",
        "repo": "flake-utils",
        "type": "github"
      }
    },
    "meshviewer": {
      "inputs": {
        "nixpkgs": [
          "nixpkgs"
        ]
      },
      "locked": {
        "lastModified": 1783019374,
        "narHash": "sha256-QOga3rFsOvfGO5mZRStxsNfTfnZRaSvUDTMp+SpcLDc=",
        "owner": "freifunk",
        "repo": "meshviewer",
        "rev": "da0c7447c9b4d05f2b0b3040f3d7c4d3c283534a",
        "type": "github"
      },
      "original": {
        "owner": "freifunk",
        "repo": "meshviewer",
        "type": "github"
      }
    },
    "nix-github-actions": {
      "inputs": {
        "nixpkgs": [
          "colmena",
          "nixpkgs"
        ]
      },
      "locked": {
        "lastModified": 1737420293,
        "narHash": "sha256-F1G5ifvqTpJq7fdkT34e/Jy9VCyzd5XfJ9TO8fHhJWE=",
        "owner": "nix-community",
        "repo": "nix-github-actions",
        "rev": "f4158fa080ef4503c8f4c820967d946c2af31ec9",
        "type": "github"
      },
      "original": {
        "owner": "nix-community",
        "repo": "nix-github-actions",
        "type": "github"
      }
    },
    "nixpkgs": {
      "locked": {
        "lastModified": 1781808408,
        "narHash": "sha256-0sOb6OIaD/K1zHxBhpmlKvkADfe0n8+l4Jj2e1Q0r3w=",
        "owner": "NixOS",
        "repo": "nixpkgs",
        "rev": "e8210c649915deed7080033cdbabcc19e40bb899",
        "type": "github"
      },
      "original": {
        "owner": "NixOS",
        "ref": "nixos-26.05",
        "repo": "nixpkgs",
        "type": "github"
      }
    },
    "nixpkgs_2": {
      "locked": {
        "lastModified": 1783549019,
        "narHash": "sha256-0XnckG4ZhBmAsYa9mLuEIFowBG0fDGPLHduQGsbMS4A=",
        "owner": "NixOS",
        "repo": "nixpkgs",
        "rev": "74cc63f702f7d60a557e152a57b40fb1fd0f72ac",
        "type": "github"
      },
      "original": {
        "owner": "NixOS",
        "ref": "nixos-26.05",
        "repo": "nixpkgs",
        "type": "github"
      }
    },
    "root": {
      "inputs": {
        "agenix": "agenix",
        "colmena": "colmena",
        "disko": "disko",
        "fastd-server-side-ratelimit": "fastd-server-side-ratelimit",
        "meshviewer": "meshviewer",
        "nixpkgs": "nixpkgs_2"
      }
    },
    "stable": {
      "locked": {
        "lastModified": 1783021296,
        "narHash": "sha256-WYOmcI0zSkkU4VpR7xda8o0AWNC9xuqkEM7n4tKjJY8=",
        "owner": "NixOS",
        "repo": "nixpkgs",
        "rev": "d3474199ff806484bfccd1fdef7afc27fb8d74b5",
        "type": "github"
      },
      "original": {
        "owner": "NixOS",
        "ref": "release-26.05",
        "repo": "nixpkgs",
        "type": "github"
      }
    },
    "systems": {
      "locked": {
        "lastModified": 1681028828,
        "narHash": "sha256-Vy1rq5AaRuLzOxct8nz4T6wlgyUR7zLU309k9mBC768=",
        "owner": "nix-systems",
        "repo": "default",
        "rev": "da67096a3b9bf56a91d16901293e51ba5b49a27e",
        "type": "github"
      },
      "original": {
        "owner": "nix-systems",
        "repo": "default",
        "type": "github"
      }
    },
    "systems_2": {
      "locked": {
        "lastModified": 1681028828,
        "narHash": "sha256-Vy1rq5AaRuLzOxct8nz4T6wlgyUR7zLU309k9mBC768=",
        "owner": "nix-systems",
        "repo": "default",
        "rev": "da67096a3b9bf56a91d16901293e51ba5b49a27e",
        "type": "github"
      },
      "original": {
        "owner": "nix-systems",
        "repo": "default",
        "type": "github"
      }
    }
  },
  "root": "root",
  "version": 7
}
